
Microsoft Visual Studio Solution File, Format Version 12.00
# Visual Studio Version 17
VisualStudioVersion = 17.4.33110.190
MinimumVisualStudioVersion = 10.0.40219.1
Project("{9A19103F-16F7-4668-BE54-9A1E7A4F7556}") = "ProblemSolution", "ProblemSolution\ProblemSolution.csproj", "{DED15D85-0AB4-4692-A53C-EA20715774D0}"
EndProject
Global
	GlobalSection(SolutionConfigurationPlatforms) = preSolution
		Debug|Any CPU = Debug|Any CPU
		Release|Any CPU = Release|Any CPU
	EndGlobalSection
	GlobalSection(ProjectConfigurationPlatforms) = postSolution
		{DED15D85-0AB4-4692-A53C-EA20715774D0}.Debug|Any CPU.ActiveCfg = Debug|Any CPU
		{DED15D85-0AB4-4692-A53C-EA20715774D0}.Debug|Any CPU.Build.0 = Debug|Any CPU
		{DED15D85-0AB4-4692-A53C-EA20715774D0}.Release|Any CPU.ActiveCfg = Release|Any CPU
		{DED15D85-0AB4-4692-A53C-EA20715774D0}.Release|Any CPU.Build.0 = Release|Any CPU
	EndGlobalSection
	GlobalSection(SolutionProperties) = preSolution
		HideSolutionNode = FALSE
	EndGlobalSection
	GlobalSection(ExtensibilityGlobals) = postSolution
		SolutionGuid = {9D9618C6-EDA7-4881-AA16-26B641A75352}
	EndGlobalSection
EndGlobal
